
Microsoft Visual Studio Solution File, Format Version 12.00
# Visual Studio Version 17
VisualStudioVersion = 17.8.34330.188
MinimumVisualStudioVersion = 10.0.40219.1
Project("{9A19103F-16F7-4668-BE54-9A1E7A4F7556}") = "BulkyWeb", "BulkyWeb.csproj", "{BFE30F74-2605-4D1C-A21D-A4A1936E9080}"
EndProject
Project("{9A19103F-16F7-4668-BE54-9A1E7A4F7556}") = "BulkyWebRazor_Temp", "..\BulkyWebRazor_Temp\BulkyWebRazor_Temp.csproj", "{59C49E8F-4ED1-4199-8FEE-1F1B88B5F525}"
EndProject
Project("{FAE04EC0-301F-11D3-BF4B-00C04F79EFBC}") = "Bulky.DataAccess", "..\Bulky.DataAccess\Bulky.DataAccess.csproj", "{F44038A6-976D-456D-B320-B5FA958FE1A2}"
EndProject
Project("{FAE04EC0-301F-11D3-BF4B-00C04F79EFBC}") = "Bulky.Models", "..\Bulky.Models\Bulky.Models.csproj", "{E47A9B86-2952-4F0E-824A-5D9BFF10601A}"
EndProject
Project("{FAE04EC0-301F-11D3-BF4B-00C04F79EFBC}") = "Bulky.Utility", "..\Bulky.Utility\Bulky.Utility.csproj", "{9551967D-0A41-4E04-B665-B1BB17CC7CED}"
EndProject
Global
	GlobalSection(SolutionConfigurationPlatforms) = preSolution
		Debug|Any CPU = Debug|Any CPU
		Release|Any CPU = Release|Any CPU
	EndGlobalSection
	GlobalSection(ProjectConfigurationPlatforms) = postSolution
		{BFE30F74-2605-4D1C-A21D-A4A1936E9080}.Debug|Any CPU.ActiveCfg = Debug|Any CPU
		{BFE30F74-2605-4D1C-A21D-A4A1936E9080}.Debug|Any CPU.Build.0 = Debug|Any CPU
		{BFE30F74-2605-4D1C-A21D-A4A1936E9080}.Release|Any CPU.ActiveCfg = Release|Any CPU
		{BFE30F74-2605-4D1C-A21D-A4A1936E9080}.Release|Any CPU.Build.0 = Release|Any CPU
		{59C49E8F-4ED1-4199-8FEE-1F1B88B5F525}.Debug|Any CPU.ActiveCfg = Debug|Any CPU
		{59C49E8F-4ED1-4199-8FEE-1F1B88B5F525}.Debug|Any CPU.Build.0 = Debug|Any CPU
		{59C49E8F-4ED1-4199-8FEE-1F1B88B5F525}.Release|Any CPU.ActiveCfg = Release|Any CPU
		{59C49E8F-4ED1-4199-8FEE-1F1B88B5F525}.Release|Any CPU.Build.0 = Release|Any CPU
		{F44038A6-976D-456D-B320-B5FA958FE1A2}.Debug|Any CPU.ActiveCfg = Debug|Any CPU
		{F44038A6-976D-456D-B320-B5FA958FE1A2}.Debug|Any CPU.Build.0 = Debug|Any CPU
		{F44038A6-976D-456D-B320-B5FA958FE1A2}.Release|Any CPU.ActiveCfg = Release|Any CPU
		{F44038A6-976D-456D-B320-B5FA958FE1A2}.Release|Any CPU.Build.0 = Release|Any CPU
		{E47A9B86-2952-4F0E-824A-5D9BFF10601A}.Debug|Any CPU.ActiveCfg = Debug|Any CPU
		{E47A9B86-2952-4F0E-824A-5D9BFF10601A}.Debug|Any CPU.Build.0 = Debug|Any CPU
		{E47A9B86-2952-4F0E-824A-5D9BFF10601A}.Release|Any CPU.ActiveCfg = Release|Any CPU
		{E47A9B86-2952-4F0E-824A-5D9BFF10601A}.Release|Any CPU.Build.0 = Release|Any CPU
		{9551967D-0A41-4E04-B665-B1BB17CC7CED}.Debug|Any CPU.ActiveCfg = Debug|Any CPU
		{9551967D-0A41-4E04-B665-B1BB17CC7CED}.Debug|Any CPU.Build.0 = Debug|Any CPU
		{9551967D-0A41-4E04-B665-B1BB17CC7CED}.Release|Any CPU.ActiveCfg = Release|Any CPU
		{9551967D-0A41-4E04-B665-B1BB17CC7CED}.Release|Any CPU.Build.0 = Release|Any CPU
	EndGlobalSection
	GlobalSection(SolutionProperties) = preSolution
		HideSolutionNode = FALSE
	EndGlobalSection
	GlobalSection(ExtensibilityGlobals) = postSolution
		SolutionGuid = {D44343CB-44F2-490C-A82C-F0D0FA96891F}
	EndGlobalSection
EndGlobal
